<?xml version="1.0" encoding="utf-8"?>
<Project ToolsVersion="4.0" xmlns="http://schemas.microsoft.com/developer/msbuild/2003">
  <ItemGroup>
    <ClCompile Include="..\gtest\linked-list-gt.cpp">
      <Filter>gtest</Filter>
    </ClCompile>
    <ClCompile Include="..\gtest\queue-gt.cpp">
      <Filter>gtest</Filter>
    </ClCompile>
    <ClCompile Include="..\gtest\stack-gt.cpp">
      <Filter>gtest</Filter>
    </ClCompile>
    <ClCompile Include="main.cpp" />
    <ClCompile Include="..\gtest\doubly-linked-list-gt.cpp">
      <Filter>gtest</Filter>
    </ClCompile>
    <ClCompile Include="..\gtest\deque-gt.cpp">
      <Filter>gtest</Filter>
    </ClCompile>
    <ClCompile Include="..\gtest\priority-queue-gt.cpp">
      <Filter>gtest</Filter>
    </ClCompile>
    <ClCompile Include="..\gtest\hash-table-gt.cpp">
      <Filter>gtest</Filter>
    </ClCompile>
    <ClCompile Include="..\gtest\dynamic-array-gt.cpp">
      <Filter>gtest</Filter>
    </ClCompile>
  </ItemGroup>
  <ItemGroup>
    <Filter Include="include">
      <UniqueIdentifier>{a753511f-d898-4958-826e-f06e6224ec91}</UniqueIdentifier>
    </Filter>
    <Filter Include="gtest">
      <UniqueIdentifier>{e4c729f9-798e-44ec-af9e-4d657b9bd4c4}</UniqueIdentifier>
    </Filter>
  </ItemGroup>
  <ItemGroup>
    <ClInclude Include="..\include\linked-list.hpp">
      <Filter>include</Filter>
    </ClInclude>
    <ClInclude Include="..\include\queue.hpp">
      <Filter>include</Filter>
    </ClInclude>
    <ClInclude Include="..\include\stack.hpp">
      <Filter>include</Filter>
    </ClInclude>
    <ClInclude Include="..\include\doubly-linked-list.hpp">
      <Filter>include</Filter>
    </ClInclude>
    <ClInclude Include="..\include\deque.hpp">
      <Filter>include</Filter>
    </ClInclude>
    <ClInclude Include="..\include\priority-queue.hpp">
      <Filter>include</Filter>
    </ClInclude>
    <ClInclude Include="..\include\hash-table.hpp">
      <Filter>include</Filter>
    </ClInclude>
    <ClInclude Include="..\include\dynamic-array.hpp">
      <Filter>include</Filter>
    </ClInclude>
  </ItemGroup>
  <ItemGroup>
    <None Include="packages.config" />
  </ItemGroup>
</Project>